
Microsoft Visual Studio Solution File, Format Version 12.00
# Visual Studio Version 17
VisualStudioVersion = 17.4.33103.184
MinimumVisualStudioVersion = 10.0.40219.1
Project("{FAE04EC0-301F-11D3-BF4B-00C04F79EFBC}") = "1zadanie", "1zadanie\1zadanie.csproj", "{B54AF4AD-9408-462B-B58B-FA380648EBB9}"
EndProject
Global
	GlobalSection(SolutionConfigurationPlatforms) = preSolution
		Debug|Any CPU = Debug|Any CPU
		Release|Any CPU = Release|Any CPU
	EndGlobalSection
	GlobalSection(ProjectConfigurationPlatforms) = postSolution
		{B54AF4AD-9408-462B-B58B-FA380648EBB9}.Debug|Any CPU.ActiveCfg = Debug|Any CPU
		{B54AF4AD-9408-462B-B58B-FA380648EBB9}.Debug|Any CPU.Build.0 = Debug|Any CPU
		{B54AF4AD-9408-462B-B58B-FA380648EBB9}.Release|Any CPU.ActiveCfg = Release|Any CPU
		{B54AF4AD-9408-462B-B58B-FA380648EBB9}.Release|Any CPU.Build.0 = Release|Any CPU
	EndGlobalSection
	GlobalSection(SolutionProperties) = preSolution
		HideSolutionNode = FALSE
	EndGlobalSection
	GlobalSection(ExtensibilityGlobals) = postSolution
		SolutionGuid = {B10073F0-B8E3-4AE1-86B0-2566D6EFDC80}
	EndGlobalSection
EndGlobal
